
Microsoft Visual Studio Solution File, Format Version 12.00
# Visual Studio Version 17
VisualStudioVersion = 17.9.34701.34
MinimumVisualStudioVersion = 10.0.40219.1
Project("{FAE04EC0-301F-11D3-BF4B-00C04F79EFBC}") = "WorkoutTracker.Core", "WorkoutTracker.Core\WorkoutTracker.Core.csproj", "{03D198E3-033E-4EBB-934D-9612775725BE}"
EndProject
Project("{FAE04EC0-301F-11D3-BF4B-00C04F79EFBC}") = "WorkoutTracker.Infrasctructure", "WorkoutTracker.Infrasctructure\WorkoutTracker.Infrasctructure.csproj", "{8F249889-D6E6-46B5-8DB3-A2626D3B19B8}"
EndProject
Project("{FAE04EC0-301F-11D3-BF4B-00C04F79EFBC}") = "WorkoutTracker.Api", "WorkoutTracker.Api\WorkoutTracker.Api.csproj", "{C44890F3-35A3-4758-858E-F023C12786F9}"
EndProject
Global
	GlobalSection(SolutionConfigurationPlatforms) = preSolution
		Debug|Any CPU = Debug|Any CPU
		Release|Any CPU = Release|Any CPU
	EndGlobalSection
	GlobalSection(ProjectConfigurationPlatforms) = postSolution
		{03D198E3-033E-4EBB-934D-9612775725BE}.Debug|Any CPU.ActiveCfg = Debug|Any CPU
		{03D198E3-033E-4EBB-934D-9612775725BE}.Debug|Any CPU.Build.0 = Debug|Any CPU
		{03D198E3-033E-4EBB-934D-9612775725BE}.Release|Any CPU.ActiveCfg = Release|Any CPU
		{03D198E3-033E-4EBB-934D-9612775725BE}.Release|Any CPU.Build.0 = Release|Any CPU
		{8F249889-D6E6-46B5-8DB3-A2626D3B19B8}.Debug|Any CPU.ActiveCfg = Debug|Any CPU
		{8F249889-D6E6-46B5-8DB3-A2626D3B19B8}.Debug|Any CPU.Build.0 = Debug|Any CPU
		{8F249889-D6E6-46B5-8DB3-A2626D3B19B8}.Release|Any CPU.ActiveCfg = Release|Any CPU
		{8F249889-D6E6-46B5-8DB3-A2626D3B19B8}.Release|Any CPU.Build.0 = Release|Any CPU
		{C44890F3-35A3-4758-858E-F023C12786F9}.Debug|Any CPU.ActiveCfg = Debug|Any CPU
		{C44890F3-35A3-4758-858E-F023C12786F9}.Debug|Any CPU.Build.0 = Debug|Any CPU
		{C44890F3-35A3-4758-858E-F023C12786F9}.Release|Any CPU.ActiveCfg = Release|Any CPU
		{C44890F3-35A3-4758-858E-F023C12786F9}.Release|Any CPU.Build.0 = Release|Any CPU
	EndGlobalSection
	GlobalSection(SolutionProperties) = preSolution
		HideSolutionNode = FALSE
	EndGlobalSection
	GlobalSection(ExtensibilityGlobals) = postSolution
		SolutionGuid = {AA65029D-42C6-4F33-8BE0-6AC5F80CFDCF}
	EndGlobalSection
EndGlobal
